
Microsoft Visual Studio Solution File, Format Version 12.00
# Visual Studio 15
VisualStudioVersion = 15.0.28307.1321
MinimumVisualStudioVersion = 10.0.40219.1
Project("{8BC9CEB8-8B4A-11D0-8D11-00A0C91BC942}") = "00_CodingInterviews", "CodingInterviews\CodingInterviews.vcxproj", "{A8B4C656-15FC-4C13-8424-06AE33176687}"
EndProject
Project("{8BC9CEB8-8B4A-11D0-8D11-00A0C91BC942}") = "01_AssignmentOperator", "AssignmentOperator\AssignmentOperator.vcxproj", "{3700FC72-AE98-4B59-9504-18827E99CE58}"
EndProject
Project("{8BC9CEB8-8B4A-11D0-8D11-00A0C91BC942}") = "02_1DuplicationInArray", "DuplicationInArray\DuplicationInArray.vcxproj", "{5E56FA40-0965-4BE6-85D2-ABE743C8EC66}"
EndProject
Project("{8BC9CEB8-8B4A-11D0-8D11-00A0C91BC942}") = "02_2DuplicatesInArray", "DuplicatesInArray\DuplicatesInArray.vcxproj", "{8F08E539-F8E7-4413-BCB9-F48BC717E24A}"
EndProject
Project("{8BC9CEB8-8B4A-11D0-8D11-00A0C91BC942}") = "03_SearchInPartiallySortedMatrix", "SearchInPartiallySortedMatrix\SearchInPartiallySortedMatrix.vcxproj", "{B74502FE-B7C8-4B21-AFF1-5282E964A993}"
EndProject
Project("{8BC9CEB8-8B4A-11D0-8D11-00A0C91BC942}") = "04_ReplaceSpace", "ReplaceSpace\ReplaceSpace.vcxproj", "{FCFB676D-7CEB-468A-87B8-412C1A4748D1}"
EndProject
Project("{8BC9CEB8-8B4A-11D0-8D11-00A0C91BC942}") = "05_PrintListInReversedOrder", "PrintListInReversedOrder\PrintListInReversedOrder.vcxproj", "{A9FD98E9-702C-46AE-A65D-EBFE1CA98C5F}"
EndProject
Project("{8BC9CEB8-8B4A-11D0-8D11-00A0C91BC942}") = "06_ConstructBinaryTree", "ConstructBinaryTree\ConstructBinaryTree.vcxproj", "{B39149FE-379C-421C-B67A-69E060152392}"
EndProject
Project("{8BC9CEB8-8B4A-11D0-8D11-00A0C91BC942}") = "Utilities", "Utilities\Utilities.vcxproj", "{9153B698-7187-4F4D-8A26-DAE29975670A}"
EndProject
Project("{8BC9CEB8-8B4A-11D0-8D11-00A0C91BC942}") = "07_NextNodeInBT", "NextNodeInBT\NextNodeInBT.vcxproj", "{48FB9140-5404-4194-A8FA-66EE41A3E789}"
EndProject
Project("{8BC9CEB8-8B4A-11D0-8D11-00A0C91BC942}") = "08_QueueWith2Stacks", "QueueWith2Stacks\QueueWith2Stacks.vcxproj", "{3A07917B-70A6-47AC-85E7-4A7E37672F8D}"
EndProject
Project("{8BC9CEB8-8B4A-11D0-8D11-00A0C91BC942}") = "12_RobotMove", "RobotMove\RobotMove.vcxproj", "{75F71DFF-938B-4699-B31B-02585E7073EC}"
EndProject
Project("{8BC9CEB8-8B4A-11D0-8D11-00A0C91BC942}") = "09_QuickSort", "QuickSort\QuickSort.vcxproj", "{20809BB5-B9AB-4FF7-89A5-69A60FD213BF}"
EndProject
Project("{8BC9CEB8-8B4A-11D0-8D11-00A0C91BC942}") = "10_MinNumInRotatedArray", "MinNumInRotatedArray\MinNumInRotatedArray.vcxproj", "{FD1053CF-644A-4214-ABD7-AEEB02E8873E}"
EndProject
Project("{8BC9CEB8-8B4A-11D0-8D11-00A0C91BC942}") = "11_StrPathInMatrix", "StrPathInMatrix\StrPathInMatrix.vcxproj", "{6F81D3E6-A40F-46BF-A9CA-47C690C0F6AB}"
EndProject
Project("{8BC9CEB8-8B4A-11D0-8D11-00A0C91BC942}") = "13_CuttingRope", "CuttingRope\CuttingRope.vcxproj", "{9E319AA3-1C1D-40A7-87EE-3D3877630425}"
EndProject
Project("{8BC9CEB8-8B4A-11D0-8D11-00A0C91BC942}") = "14_NumOf1", "NumOf1\NumOf1.vcxproj", "{D1A509B5-1528-4FCF-B8F6-83436723D7C6}"
EndProject
Project("{8BC9CEB8-8B4A-11D0-8D11-00A0C91BC942}") = "15_Power", "Power\Power.vcxproj", "{EFC2373B-A9E9-43C7-A20C-E771C184CB0D}"
EndProject
Project("{8BC9CEB8-8B4A-11D0-8D11-00A0C91BC942}") = "16_Print1ToMaxNDigits", "Print1ToMaxNDigits\Print1ToMaxNDigits.vcxproj", "{6F990C5D-E843-474F-A118-A40A419DB6BF}"
EndProject
Project("{8BC9CEB8-8B4A-11D0-8D11-00A0C91BC942}") = "17_0_RemoveNodeInList", "RemoveNodeInList\RemoveNodeInList.vcxproj", "{FEE90C0B-B33C-4BD3-9E2A-497EB0A6B674}"
EndProject
Project("{8BC9CEB8-8B4A-11D0-8D11-00A0C91BC942}") = "17_1_RemoveDuplicatesInList", "RemoveDuplicatesInList\RemoveDuplicatesInList.vcxproj", "{6C01C95B-9388-4841-9D83-B728BF082E19}"
EndProject
Project("{8BC9CEB8-8B4A-11D0-8D11-00A0C91BC942}") = "18_RegularExpressionsMatching", "RegularExpressionsMatching\RegularExpressionsMatching.vcxproj", "{BB29EA83-09F0-4374-9A30-210E0DC18D8D}"
EndProject
Project("{8BC9CEB8-8B4A-11D0-8D11-00A0C91BC942}") = "19_NumericStr", "NumericStr\NumericStr.vcxproj", "{C898315E-7EC6-44D8-BEE9-86B27C282C2D}"
EndProject
Project("{8BC9CEB8-8B4A-11D0-8D11-00A0C91BC942}") = "20_ReorderArray", "ReorderArray\ReorderArray.vcxproj", "{ADF8C891-25F0-4642-9E02-A0BF5ECD400C}"
EndProject
Project("{8BC9CEB8-8B4A-11D0-8D11-00A0C91BC942}") = "21_KthNodeFromEnd", "KthNodeFromEnd\KthNodeFromEnd.vcxproj", "{564C1B10-A686-4AAC-B0A0-28275506BF1F}"
EndProject
Project("{8BC9CEB8-8B4A-11D0-8D11-00A0C91BC942}") = "22_EntryNodeInListLoop", "EntryNodeInListLoop\EntryNodeInListLoop.vcxproj", "{12671BBA-E846-44D4-A7E3-C21196EEE8B5}"
EndProject
Project("{8BC9CEB8-8B4A-11D0-8D11-00A0C91BC942}") = "23_ReverseList", "ReverseList\ReverseList.vcxproj", "{8B0BDAE3-E4C2-458F-9B14-580708945379}"
EndProject
Project("{8BC9CEB8-8B4A-11D0-8D11-00A0C91BC942}") = "24_MergeSortedList", "MergeSortedList\MergeSortedList.vcxproj", "{B4545652-C6CB-47B5-A5A9-385D3F340109}"
EndProject
Project("{8BC9CEB8-8B4A-11D0-8D11-00A0C91BC942}") = "25_SubstructureInTree", "SubstructureInTree\SubstructureInTree.vcxproj", "{194137A0-40A8-41D7-93CC-BC1B56DBBB57}"
EndProject
Project("{8BC9CEB8-8B4A-11D0-8D11-00A0C91BC942}") = "26_MirrorOfBT", "MirrorOfBT\MirrorOfBT.vcxproj", "{862DE3E3-FE04-4747-B5EA-0D60648D3090}"
EndProject
Project("{8BC9CEB8-8B4A-11D0-8D11-00A0C91BC942}") = "27_SymmetricalBT", "SymmetricalBT\SymmetricalBT.vcxproj", "{F9B01809-6ED0-4797-912D-B47F41C2F6B9}"
EndProject
Project("{8BC9CEB8-8B4A-11D0-8D11-00A0C91BC942}") = "28_PrintMatrixClockwise", "PrintMatrixClockwise\PrintMatrixClockwise.vcxproj", "{79BFCA95-E6F3-4B7A-A0B8-7EB4AF564052}"
EndProject
Project("{8BC9CEB8-8B4A-11D0-8D11-00A0C91BC942}") = "29_MinInStack", "MinInStack\MinInStack.vcxproj", "{E9CA9781-0CBC-493A-8B57-1DB4010E1F6F}"
EndProject
Project("{8BC9CEB8-8B4A-11D0-8D11-00A0C91BC942}") = "30_StackOrder", "StackOrder\StackOrder.vcxproj", "{D5774B7E-355F-4BED-A737-E2E4FB6C613B}"
EndProject
Project("{8BC9CEB8-8B4A-11D0-8D11-00A0C91BC942}") = "31_PrintTreeAccordingLine", "PrintTreeAccordingLine\PrintTreeAccordingLine.vcxproj", "{AF3BCB91-EBD7-4F22-BBD8-63617B91B819}"
EndProject
Project("{8BC9CEB8-8B4A-11D0-8D11-00A0C91BC942}") = "32_SquenceOfBST", "SquenceOfBST\SquenceOfBST.vcxproj", "{A6143D86-6F93-4A5C-BA79-717E1F3D34B0}"
EndProject
Project("{8BC9CEB8-8B4A-11D0-8D11-00A0C91BC942}") = "33_PathInTree", "PathInTree\PathInTree.vcxproj", "{2304BA87-5350-4F9E-A6BF-07325893CF9C}"
EndProject
Project("{8BC9CEB8-8B4A-11D0-8D11-00A0C91BC942}") = "34_CopyComplexList", "CopyComplexList\CopyComplexList.vcxproj", "{E5CC8A3D-0F8E-4A7E-9789-2A48C7827917}"
EndProject
Project("{8BC9CEB8-8B4A-11D0-8D11-00A0C91BC942}") = "35_ConvertBST2List", "ConvertBST2List\ConvertBST2List.vcxproj", "{20FF28A1-D5B0-4B0B-814E-1453B41E4BD8}"
EndProject
Project("{8BC9CEB8-8B4A-11D0-8D11-00A0C91BC942}") = "36_SerializeBT", "SerializeBT\SerializeBT.vcxproj", "{A062D056-71FE-41A7-A7D6-D62A9817447D}"
EndProject
Project("{8BC9CEB8-8B4A-11D0-8D11-00A0C91BC942}") = "37_StringPermutation", "StringPermutation\StringPermutation.vcxproj", "{C52DE97B-9F0D-466A-A8BB-2527703B66DD}"
EndProject
Project("{8BC9CEB8-8B4A-11D0-8D11-00A0C91BC942}") = "38_MoreThanHalfNum", "MoreThanHalfNum\MoreThanHalfNum.vcxproj", "{5CDC4B33-058D-455B-B915-85B6DD313159}"
EndProject
Project("{8BC9CEB8-8B4A-11D0-8D11-00A0C91BC942}") = "39_KLeastNums", "KLeastNums\KLeastNums.vcxproj", "{E12A8282-0839-4206-A3BA-4416C4EA4E1B}"
EndProject
Project("{8BC9CEB8-8B4A-11D0-8D11-00A0C91BC942}") = "40_StreamMedian", "StreamMedian\StreamMedian.vcxproj", "{560BD516-344A-41BE-9BE0-D034EB5C7818}"
EndProject
Project("{8BC9CEB8-8B4A-11D0-8D11-00A0C91BC942}") = "41_GreatestSumofSubarray", "GreatestSumofSubarray\GreatestSumofSubarray.vcxproj", "{C8DC72DE-1E77-478C-85D0-0563BB91A36E}"
EndProject
Project("{8BC9CEB8-8B4A-11D0-8D11-00A0C91BC942}") = "42_NumofOne", "NumofOne\NumofOne.vcxproj", "{9058B3E4-0BD7-4D9C-BC60-864194B0AAC8}"
EndProject
Project("{8BC9CEB8-8B4A-11D0-8D11-00A0C91BC942}") = "43_DigitsInSequence", "DigitsInSequence\DigitsInSequence.vcxproj", "{B33194EE-6BDF-48FB-B35D-E5BB7150332E}"
EndProject
Project("{8BC9CEB8-8B4A-11D0-8D11-00A0C91BC942}") = "44_SortArray2MinNum", "SortArray2MinNum\SortArray2MinNum.vcxproj", "{4070ABB2-5954-43DD-949E-C42FE8B6FF2E}"
EndProject
Project("{8BC9CEB8-8B4A-11D0-8D11-00A0C91BC942}") = "45_TransNum2Str", "TransNum2Str\TransNum2Str.vcxproj", "{8AFF1437-4904-4792-AA6F-C66326A9824B}"
EndProject
Project("{8BC9CEB8-8B4A-11D0-8D11-00A0C91BC942}") = "46_MaxValueofGifts", "MaxValueofGifts\MaxValueofGifts.vcxproj", "{41E8868D-7DB3-470B-BA77-CBC65DE3A5F6}"
EndProject
Project("{8BC9CEB8-8B4A-11D0-8D11-00A0C91BC942}") = "47_LongestUniqueSubstring", "LongestUniqueSubstring\LongestUniqueSubstring.vcxproj", "{513D06E5-C23B-43A2-B32C-6E46BF3C839F}"
EndProject
Project("{8BC9CEB8-8B4A-11D0-8D11-00A0C91BC942}") = "48_UglyNum", "UglyNum\UglyNum.vcxproj", "{C37C8550-46F5-4C55-9564-46E32B8B8115}"
EndProject
Project("{8BC9CEB8-8B4A-11D0-8D11-00A0C91BC942}") = "49_0_FirstUniqueChar", "FirstUniqueChar\FirstUniqueChar.vcxproj", "{7BCB533A-7A49-4433-982A-4F59980141BD}"
EndProject
Project("{8BC9CEB8-8B4A-11D0-8D11-00A0C91BC942}") = "49_1_FirstUniqueCharInStream", "FirstUniqueCharInStream\FirstUniqueCharInStream.vcxproj", "{426D2DAF-E408-4BDF-BA04-D3AFFFD68DF3}"
EndProject
Project("{8BC9CEB8-8B4A-11D0-8D11-00A0C91BC942}") = "50_InversePairs", "InversePairs\InversePairs.vcxproj", "{711EAC68-2A58-4A47-84AF-D8838B88547D}"
EndProject
Project("{8BC9CEB8-8B4A-11D0-8D11-00A0C91BC942}") = "51_MergeSort", "MergeSort\MergeSort.vcxproj", "{38B28DC6-1860-47D9-9950-5B1702FA08E1}"
EndProject
Project("{8BC9CEB8-8B4A-11D0-8D11-00A0C91BC942}") = "52_FirstCommonNodeInLists", "FirstCommonNodeInLists\FirstCommonNodeInLists.vcxproj", "{DBEE1DC0-E31B-4638-97FD-D5F263B42123}"
EndProject
Global
	GlobalSection(SolutionConfigurationPlatforms) = preSolution
		Debug|x64 = Debug|x64
		Debug|x86 = Debug|x86
		Release|x64 = Release|x64
		Release|x86 = Release|x86
	EndGlobalSection
	GlobalSection(ProjectConfigurationPlatforms) = postSolution
		{A8B4C656-15FC-4C13-8424-06AE33176687}.Debug|x64.ActiveCfg = Debug|x64
		{A8B4C656-15FC-4C13-8424-06AE33176687}.Debug|x64.Build.0 = Debug|x64
		{A8B4C656-15FC-4C13-8424-06AE33176687}.Debug|x86.ActiveCfg = Debug|Win32
		{A8B4C656-15FC-4C13-8424-06AE33176687}.Debug|x86.Build.0 = Debug|Win32
		{A8B4C656-15FC-4C13-8424-06AE33176687}.Release|x64.ActiveCfg = Release|x64
		{A8B4C656-15FC-4C13-8424-06AE33176687}.Release|x64.Build.0 = Release|x64
		{A8B4C656-15FC-4C13-8424-06AE33176687}.Release|x86.ActiveCfg = Release|Win32
		{A8B4C656-15FC-4C13-8424-06AE33176687}.Release|x86.Build.0 = Release|Win32
		{3700FC72-AE98-4B59-9504-18827E99CE58}.Debug|x64.ActiveCfg = Debug|x64
		{3700FC72-AE98-4B59-9504-18827E99CE58}.Debug|x64.Build.0 = Debug|x64
		{3700FC72-AE98-4B59-9504-18827E99CE58}.Debug|x86.ActiveCfg = Debug|Win32
		{3700FC72-AE98-4B59-9504-18827E99CE58}.Debug|x86.Build.0 = Debug|Win32
		{3700FC72-AE98-4B59-9504-18827E99CE58}.Release|x64.ActiveCfg = Release|x64
		{3700FC72-AE98-4B59-9504-18827E99CE58}.Release|x64.Build.0 = Release|x64
		{3700FC72-AE98-4B59-9504-18827E99CE58}.Release|x86.ActiveCfg = Release|Win32
		{3700FC72-AE98-4B59-9504-18827E99CE58}.Release|x86.Build.0 = Release|Win32
		{5E56FA40-0965-4BE6-85D2-ABE743C8EC66}.Debug|x64.ActiveCfg = Debug|x64
		{5E56FA40-0965-4BE6-85D2-ABE743C8EC66}.Debug|x64.Build.0 = Debug|x64
		{5E56FA40-0965-4BE6-85D2-ABE743C8EC66}.Debug|x86.ActiveCfg = Debug|Win32
		{5E56FA40-0965-4BE6-85D2-ABE743C8EC66}.Debug|x86.Build.0 = Debug|Win32
		{5E56FA40-0965-4BE6-85D2-ABE743C8EC66}.Release|x64.ActiveCfg = Release|x64
		{5E56FA40-0965-4BE6-85D2-ABE743C8EC66}.Release|x64.Build.0 = Release|x64
		{5E56FA40-0965-4BE6-85D2-ABE743C8EC66}.Release|x86.ActiveCfg = Release|Win32
		{5E56FA40-0965-4BE6-85D2-ABE743C8EC66}.Release|x86.Build.0 = Release|Win32
		{8F08E539-F8E7-4413-BCB9-F48BC717E24A}.Debug|x64.ActiveCfg = Debug|x64
		{8F08E539-F8E7-4413-BCB9-F48BC717E24A}.Debug|x64.Build.0 = Debug|x64
		{8F08E539-F8E7-4413-BCB9-F48BC717E24A}.Debug|x86.ActiveCfg = Debug|Win32
		{8F08E539-F8E7-4413-BCB9-F48BC717E24A}.Debug|x86.Build.0 = Debug|Win32
		{8F08E539-F8E7-4413-BCB9-F48BC717E24A}.Release|x64.ActiveCfg = Release|x64
		{8F08E539-F8E7-4413-BCB9-F48BC717E24A}.Release|x64.Build.0 = Release|x64
		{8F08E539-F8E7-4413-BCB9-F48BC717E24A}.Release|x86.ActiveCfg = Release|Win32
		{8F08E539-F8E7-4413-BCB9-F48BC717E24A}.Release|x86.Build.0 = Release|Win32
		{B74502FE-B7C8-4B21-AFF1-5282E964A993}.Debug|x64.ActiveCfg = Debug|x64
		{B74502FE-B7C8-4B21-AFF1-5282E964A993}.Debug|x64.Build.0 = Debug|x64
		{B74502FE-B7C8-4B21-AFF1-5282E964A993}.Debug|x86.ActiveCfg = Debug|Win32
		{B74502FE-B7C8-4B21-AFF1-5282E964A993}.Debug|x86.Build.0 = Debug|Win32
		{B74502FE-B7C8-4B21-AFF1-5282E964A993}.Release|x64.ActiveCfg = Release|x64
		{B74502FE-B7C8-4B21-AFF1-5282E964A993}.Release|x64.Build.0 = Release|x64
		{B74502FE-B7C8-4B21-AFF1-5282E964A993}.Release|x86.ActiveCfg = Release|Win32
		{B74502FE-B7C8-4B21-AFF1-5282E964A993}.Release|x86.Build.0 = Release|Win32
		{FCFB676D-7CEB-468A-87B8-412C1A4748D1}.Debug|x64.ActiveCfg = Debug|x64
		{FCFB676D-7CEB-468A-87B8-412C1A4748D1}.Debug|x64.Build.0 = Debug|x64
		{FCFB676D-7CEB-468A-87B8-412C1A4748D1}.Debug|x86.ActiveCfg = Debug|Win32
		{FCFB676D-7CEB-468A-87B8-412C1A4748D1}.Debug|x86.Build.0 = Debug|Win32
		{FCFB676D-7CEB-468A-87B8-412C1A4748D1}.Release|x64.ActiveCfg = Release|x64
		{FCFB676D-7CEB-468A-87B8-412C1A4748D1}.Release|x64.Build.0 = Release|x64
		{FCFB676D-7CEB-468A-87B8-412C1A4748D1}.Release|x86.ActiveCfg = Release|Win32
		{FCFB676D-7CEB-468A-87B8-412C1A4748D1}.Release|x86.Build.0 = Release|Win32
		{A9FD98E9-702C-46AE-A65D-EBFE1CA98C5F}.Debug|x64.ActiveCfg = Debug|x64
		{A9FD98E9-702C-46AE-A65D-EBFE1CA98C5F}.Debug|x64.Build.0 = Debug|x64
		{A9FD98E9-702C-46AE-A65D-EBFE1CA98C5F}.Debug|x86.ActiveCfg = Debug|Win32
		{A9FD98E9-702C-46AE-A65D-EBFE1CA98C5F}.Debug|x86.Build.0 = Debug|Win32
		{A9FD98E9-702C-46AE-A65D-EBFE1CA98C5F}.Release|x64.ActiveCfg = Release|x64
		{A9FD98E9-702C-46AE-A65D-EBFE1CA98C5F}.Release|x64.Build.0 = Release|x64
		{A9FD98E9-702C-46AE-A65D-EBFE1CA98C5F}.Release|x86.ActiveCfg = Release|Win32
		{A9FD98E9-702C-46AE-A65D-EBFE1CA98C5F}.Release|x86.Build.0 = Release|Win32
		{B39149FE-379C-421C-B67A-69E060152392}.Debug|x64.ActiveCfg = Debug|x64
		{B39149FE-379C-421C-B67A-69E060152392}.Debug|x64.Build.0 = Debug|x64
		{B39149FE-379C-421C-B67A-69E060152392}.Debug|x86.ActiveCfg = Debug|Win32
		{B39149FE-379C-421C-B67A-69E060152392}.Debug|x86.Build.0 = Debug|Win32
		{B39149FE-379C-421C-B67A-69E060152392}.Release|x64.ActiveCfg = Release|x64
		{B39149FE-379C-421C-B67A-69E060152392}.Release|x64.Build.0 = Release|x64
		{B39149FE-379C-421C-B67A-69E060152392}.Release|x86.ActiveCfg = Release|Win32
		{B39149FE-379C-421C-B67A-69E060152392}.Release|x86.Build.0 = Release|Win32
		{9153B698-7187-4F4D-8A26-DAE29975670A}.Debug|x64.ActiveCfg = Debug|x64
		{9153B698-7187-4F4D-8A26-DAE29975670A}.Debug|x64.Build.0 = Debug|x64
		{9153B698-7187-4F4D-8A26-DAE29975670A}.Debug|x86.ActiveCfg = Debug|Win32
		{9153B698-7187-4F4D-8A26-DAE29975670A}.Debug|x86.Build.0 = Debug|Win32
		{9153B698-7187-4F4D-8A26-DAE29975670A}.Release|x64.ActiveCfg = Release|x64
		{9153B698-7187-4F4D-8A26-DAE29975670A}.Release|x64.Build.0 = Release|x64
		{9153B698-7187-4F4D-8A26-DAE29975670A}.Release|x86.ActiveCfg = Release|Win32
		{9153B698-7187-4F4D-8A26-DAE29975670A}.Release|x86.Build.0 = Release|Win32
		{48FB9140-5404-4194-A8FA-66EE41A3E789}.Debug|x64.ActiveCfg = Debug|x64
		{48FB9140-5404-4194-A8FA-66EE41A3E789}.Debug|x64.Build.0 = Debug|x64
		{48FB9140-5404-4194-A8FA-66EE41A3E789}.Debug|x86.ActiveCfg = Debug|Win32
		{48FB9140-5404-4194-A8FA-66EE41A3E789}.Debug|x86.Build.0 = Debug|Win32
		{48FB9140-5404-4194-A8FA-66EE41A3E789}.Release|x64.ActiveCfg = Release|x64
		{48FB9140-5404-4194-A8FA-66EE41A3E789}.Release|x64.Build.0 = Release|x64
		{48FB9140-5404-4194-A8FA-66EE41A3E789}.Release|x86.ActiveCfg = Release|Win32
		{48FB9140-5404-4194-A8FA-66EE41A3E789}.Release|x86.Build.0 = Release|Win32
		{3A07917B-70A6-47AC-85E7-4A7E37672F8D}.Debug|x64.ActiveCfg = Debug|x64
		{3A07917B-70A6-47AC-85E7-4A7E37672F8D}.Debug|x64.Build.0 = Debug|x64
		{3A07917B-70A6-47AC-85E7-4A7E37672F8D}.Debug|x86.ActiveCfg = Debug|Win32
		{3A07917B-70A6-47AC-85E7-4A7E37672F8D}.Debug|x86.Build.0 = Debug|Win32
		{3A07917B-70A6-47AC-85E7-4A7E37672F8D}.Release|x64.ActiveCfg = Release|x64
		{3A07917B-70A6-47AC-85E7-4A7E37672F8D}.Release|x64.Build.0 = Release|x64
		{3A07917B-70A6-47AC-85E7-4A7E37672F8D}.Release|x86.ActiveCfg = Release|Win32
		{3A07917B-70A6-47AC-85E7-4A7E37672F8D}.Release|x86.Build.0 = Release|Win32
		{75F71DFF-938B-4699-B31B-02585E7073EC}.Debug|x64.ActiveCfg = Debug|x64
		{75F71DFF-938B-4699-B31B-02585E7073EC}.Debug|x64.Build.0 = Debug|x64
		{75F71DFF-938B-4699-B31B-02585E7073EC}.Debug|x86.ActiveCfg = Debug|Win32
		{75F71DFF-938B-4699-B31B-02585E7073EC}.Debug|x86.Build.0 = Debug|Win32
		{75F71DFF-938B-4699-B31B-02585E7073EC}.Release|x64.ActiveCfg = Release|x64
		{75F71DFF-938B-4699-B31B-02585E7073EC}.Release|x64.Build.0 = Release|x64
		{75F71DFF-938B-4699-B31B-02585E7073EC}.Release|x86.ActiveCfg = Release|Win32
		{75F71DFF-938B-4699-B31B-02585E7073EC}.Release|x86.Build.0 = Release|Win32
		{20809BB5-B9AB-4FF7-89A5-69A60FD213BF}.Debug|x64.ActiveCfg = Debug|x64
		{20809BB5-B9AB-4FF7-89A5-69A60FD213BF}.Debug|x64.Build.0 = Debug|x64
		{20809BB5-B9AB-4FF7-89A5-69A60FD213BF}.Debug|x86.ActiveCfg = Debug|Win32
		{20809BB5-B9AB-4FF7-89A5-69A60FD213BF}.Debug|x86.Build.0 = Debug|Win32
		{20809BB5-B9AB-4FF7-89A5-69A60FD213BF}.Release|x64.ActiveCfg = Release|x64
		{20809BB5-B9AB-4FF7-89A5-69A60FD213BF}.Release|x64.Build.0 = Release|x64
		{20809BB5-B9AB-4FF7-89A5-69A60FD213BF}.Release|x86.ActiveCfg = Release|Win32
		{20809BB5-B9AB-4FF7-89A5-69A60FD213BF}.Release|x86.Build.0 = Release|Win32
		{FD1053CF-644A-4214-ABD7-AEEB02E8873E}.Debug|x64.ActiveCfg = Debug|x64
		{FD1053CF-644A-4214-ABD7-AEEB02E8873E}.Debug|x64.Build.0 = Debug|x64
		{FD1053CF-644A-4214-ABD7-AEEB02E8873E}.Debug|x86.ActiveCfg = Debug|Win32
		{FD1053CF-644A-4214-ABD7-AEEB02E8873E}.Debug|x86.Build.0 = Debug|Win32
		{FD1053CF-644A-4214-ABD7-AEEB02E8873E}.Release|x64.ActiveCfg = Release|x64
		{FD1053CF-644A-4214-ABD7-AEEB02E8873E}.Release|x64.Build.0 = Release|x64
		{FD1053CF-644A-4214-ABD7-AEEB02E8873E}.Release|x86.ActiveCfg = Release|Win32
		{FD1053CF-644A-4214-ABD7-AEEB02E8873E}.Release|x86.Build.0 = Release|Win32
		{6F81D3E6-A40F-46BF-A9CA-47C690C0F6AB}.Debug|x64.ActiveCfg = Debug|x64
		{6F81D3E6-A40F-46BF-A9CA-47C690C0F6AB}.Debug|x64.Build.0 = Debug|x64
		{6F81D3E6-A40F-46BF-A9CA-47C690C0F6AB}.Debug|x86.ActiveCfg = Debug|Win32
		{6F81D3E6-A40F-46BF-A9CA-47C690C0F6AB}.Debug|x86.Build.0 = Debug|Win32
		{6F81D3E6-A40F-46BF-A9CA-47C690C0F6AB}.Release|x64.ActiveCfg = Release|x64
		{6F81D3E6-A40F-46BF-A9CA-47C690C0F6AB}.Release|x64.Build.0 = Release|x64
		{6F81D3E6-A40F-46BF-A9CA-47C690C0F6AB}.Release|x86.ActiveCfg = Release|Win32
		{6F81D3E6-A40F-46BF-A9CA-47C690C0F6AB}.Release|x86.Build.0 = Release|Win32
		{9E319AA3-1C1D-40A7-87EE-3D3877630425}.Debug|x64.ActiveCfg = Debug|x64
		{9E319AA3-1C1D-40A7-87EE-3D3877630425}.Debug|x64.Build.0 = Debug|x64
		{9E319AA3-1C1D-40A7-87EE-3D3877630425}.Debug|x86.ActiveCfg = Debug|Win32
		{9E319AA3-1C1D-40A7-87EE-3D3877630425}.Debug|x86.Build.0 = Debug|Win32
		{9E319AA3-1C1D-40A7-87EE-3D3877630425}.Release|x64.ActiveCfg = Release|x64
		{9E319AA3-1C1D-40A7-87EE-3D3877630425}.Release|x64.Build.0 = Release|x64
		{9E319AA3-1C1D-40A7-87EE-3D3877630425}.Release|x86.ActiveCfg = Release|Win32
		{9E319AA3-1C1D-40A7-87EE-3D3877630425}.Release|x86.Build.0 = Release|Win32
		{D1A509B5-1528-4FCF-B8F6-83436723D7C6}.Debug|x64.ActiveCfg = Debug|x64
		{D1A509B5-1528-4FCF-B8F6-83436723D7C6}.Debug|x64.Build.0 = Debug|x64
		{D1A509B5-1528-4FCF-B8F6-83436723D7C6}.Debug|x86.ActiveCfg = Debug|Win32
		{D1A509B5-1528-4FCF-B8F6-83436723D7C6}.Debug|x86.Build.0 = Debug|Win32
		{D1A509B5-1528-4FCF-B8F6-83436723D7C6}.Release|x64.ActiveCfg = Release|x64
		{D1A509B5-1528-4FCF-B8F6-83436723D7C6}.Release|x64.Build.0 = Release|x64
		{D1A509B5-1528-4FCF-B8F6-83436723D7C6}.Release|x86.ActiveCfg = Release|Win32
		{D1A509B5-1528-4FCF-B8F6-83436723D7C6}.Release|x86.Build.0 = Release|Win32
		{EFC2373B-A9E9-43C7-A20C-E771C184CB0D}.Debug|x64.ActiveCfg = Debug|x64
		{EFC2373B-A9E9-43C7-A20C-E771C184CB0D}.Debug|x64.Build.0 = Debug|x64
		{EFC2373B-A9E9-43C7-A20C-E771C184CB0D}.Debug|x86.ActiveCfg = Debug|Win32
		{EFC2373B-A9E9-43C7-A20C-E771C184CB0D}.Debug|x86.Build.0 = Debug|Win32
		{EFC2373B-A9E9-43C7-A20C-E771C184CB0D}.Release|x64.ActiveCfg = Release|x64
		{EFC2373B-A9E9-43C7-A20C-E771C184CB0D}.Release|x64.Build.0 = Release|x64
		{EFC2373B-A9E9-43C7-A20C-E771C184CB0D}.Release|x86.ActiveCfg = Release|Win32
		{EFC2373B-A9E9-43C7-A20C-E771C184CB0D}.Release|x86.Build.0 = Release|Win32
		{6F990C5D-E843-474F-A118-A40A419DB6BF}.Debug|x64.ActiveCfg = Debug|x64
		{6F990C5D-E843-474F-A118-A40A419DB6BF}.Debug|x64.Build.0 = Debug|x64
		{6F990C5D-E843-474F-A118-A40A419DB6BF}.Debug|x86.ActiveCfg = Debug|Win32
		{6F990C5D-E843-474F-A118-A40A419DB6BF}.Debug|x86.Build.0 = Debug|Win32
		{6F990C5D-E843-474F-A118-A40A419DB6BF}.Release|x64.ActiveCfg = Release|x64
		{6F990C5D-E843-474F-A118-A40A419DB6BF}.Release|x64.Build.0 = Release|x64
		{6F990C5D-E843-474F-A118-A40A419DB6BF}.Release|x86.ActiveCfg = Release|Win32
		{6F990C5D-E843-474F-A118-A40A419DB6BF}.Release|x86.Build.0 = Release|Win32
		{FEE90C0B-B33C-4BD3-9E2A-497EB0A6B674}.Debug|x64.ActiveCfg = Debug|x64
		{FEE90C0B-B33C-4BD3-9E2A-497EB0A6B674}.Debug|x64.Build.0 = Debug|x64
		{FEE90C0B-B33C-4BD3-9E2A-497EB0A6B674}.Debug|x86.ActiveCfg = Debug|Win32
		{FEE90C0B-B33C-4BD3-9E2A-497EB0A6B674}.Debug|x86.Build.0 = Debug|Win32
		{FEE90C0B-B33C-4BD3-9E2A-497EB0A6B674}.Release|x64.ActiveCfg = Release|x64
		{FEE90C0B-B33C-4BD3-9E2A-497EB0A6B674}.Release|x64.Build.0 = Release|x64
		{FEE90C0B-B33C-4BD3-9E2A-497EB0A6B674}.Release|x86.ActiveCfg = Release|Win32
		{FEE90C0B-B33C-4BD3-9E2A-497EB0A6B674}.Release|x86.Build.0 = Release|Win32
		{6C01C95B-9388-4841-9D83-B728BF082E19}.Debug|x64.ActiveCfg = Debug|x64
		{6C01C95B-9388-4841-9D83-B728BF082E19}.Debug|x64.Build.0 = Debug|x64
		{6C01C95B-9388-4841-9D83-B728BF082E19}.Debug|x86.ActiveCfg = Debug|Win32
		{6C01C95B-9388-4841-9D83-B728BF082E19}.Debug|x86.Build.0 = Debug|Win32
		{6C01C95B-9388-4841-9D83-B728BF082E19}.Release|x64.ActiveCfg = Release|x64
		{6C01C95B-9388-4841-9D83-B728BF082E19}.Release|x64.Build.0 = Release|x64
		{6C01C95B-9388-4841-9D83-B728BF082E19}.Release|x86.ActiveCfg = Release|Win32
		{6C01C95B-9388-4841-9D83-B728BF082E19}.Release|x86.Build.0 = Release|Win32
		{BB29EA83-09F0-4374-9A30-210E0DC18D8D}.Debug|x64.ActiveCfg = Debug|x64
		{BB29EA83-09F0-4374-9A30-210E0DC18D8D}.Debug|x64.Build.0 = Debug|x64
		{BB29EA83-09F0-4374-9A30-210E0DC18D8D}.Debug|x86.ActiveCfg = Debug|Win32
		{BB29EA83-09F0-4374-9A30-210E0DC18D8D}.Debug|x86.Build.0 = Debug|Win32
		{BB29EA83-09F0-4374-9A30-210E0DC18D8D}.Release|x64.ActiveCfg = Release|x64
		{BB29EA83-09F0-4374-9A30-210E0DC18D8D}.Release|x64.Build.0 = Release|x64
		{BB29EA83-09F0-4374-9A30-210E0DC18D8D}.Release|x86.ActiveCfg = Release|Win32
		{BB29EA83-09F0-4374-9A30-210E0DC18D8D}.Release|x86.Build.0 = Release|Win32
		{C898315E-7EC6-44D8-BEE9-86B27C282C2D}.Debug|x64.ActiveCfg = Debug|x64
		{C898315E-7EC6-44D8-BEE9-86B27C282C2D}.Debug|x64.Build.0 = Debug|x64
		{C898315E-7EC6-44D8-BEE9-86B27C282C2D}.Debug|x86.ActiveCfg = Debug|Win32
		{C898315E-7EC6-44D8-BEE9-86B27C282C2D}.Debug|x86.Build.0 = Debug|Win32
		{C898315E-7EC6-44D8-BEE9-86B27C282C2D}.Release|x64.ActiveCfg = Release|x64
		{C898315E-7EC6-44D8-BEE9-86B27C282C2D}.Release|x64.Build.0 = Release|x64
		{C898315E-7EC6-44D8-BEE9-86B27C282C2D}.Release|x86.ActiveCfg = Release|Win32
		{C898315E-7EC6-44D8-BEE9-86B27C282C2D}.Release|x86.Build.0 = Release|Win32
		{ADF8C891-25F0-4642-9E02-A0BF5ECD400C}.Debug|x64.ActiveCfg = Debug|x64
		{ADF8C891-25F0-4642-9E02-A0BF5ECD400C}.Debug|x64.Build.0 = Debug|x64
		{ADF8C891-25F0-4642-9E02-A0BF5ECD400C}.Debug|x86.ActiveCfg = Debug|Win32
		{ADF8C891-25F0-4642-9E02-A0BF5ECD400C}.Debug|x86.Build.0 = Debug|Win32
		{ADF8C891-25F0-4642-9E02-A0BF5ECD400C}.Release|x64.ActiveCfg = Release|x64
		{ADF8C891-25F0-4642-9E02-A0BF5ECD400C}.Release|x64.Build.0 = Release|x64
		{ADF8C891-25F0-4642-9E02-A0BF5ECD400C}.Release|x86.ActiveCfg = Release|Win32
		{ADF8C891-25F0-4642-9E02-A0BF5ECD400C}.Release|x86.Build.0 = Release|Win32
		{564C1B10-A686-4AAC-B0A0-28275506BF1F}.Debug|x64.ActiveCfg = Debug|x64
		{564C1B10-A686-4AAC-B0A0-28275506BF1F}.Debug|x64.Build.0 = Debug|x64
		{564C1B10-A686-4AAC-B0A0-28275506BF1F}.Debug|x86.ActiveCfg = Debug|Win32
		{564C1B10-A686-4AAC-B0A0-28275506BF1F}.Debug|x86.Build.0 = Debug|Win32
		{564C1B10-A686-4AAC-B0A0-28275506BF1F}.Release|x64.ActiveCfg = Release|x64
		{564C1B10-A686-4AAC-B0A0-28275506BF1F}.Release|x64.Build.0 = Release|x64
		{564C1B10-A686-4AAC-B0A0-28275506BF1F}.Release|x86.ActiveCfg = Release|Win32
		{564C1B10-A686-4AAC-B0A0-28275506BF1F}.Release|x86.Build.0 = Release|Win32
		{12671BBA-E846-44D4-A7E3-C21196EEE8B5}.Debug|x64.ActiveCfg = Debug|x64
		{12671BBA-E846-44D4-A7E3-C21196EEE8B5}.Debug|x64.Build.0 = Debug|x64
		{12671BBA-E846-44D4-A7E3-C21196EEE8B5}.Debug|x86.ActiveCfg = Debug|Win32
		{12671BBA-E846-44D4-A7E3-C21196EEE8B5}.Debug|x86.Build.0 = Debug|Win32
		{12671BBA-E846-44D4-A7E3-C21196EEE8B5}.Release|x64.ActiveCfg = Release|x64
		{12671BBA-E846-44D4-A7E3-C21196EEE8B5}.Release|x64.Build.0 = Release|x64
		{12671BBA-E846-44D4-A7E3-C21196EEE8B5}.Release|x86.ActiveCfg = Release|Win32
		{12671BBA-E846-44D4-A7E3-C21196EEE8B5}.Release|x86.Build.0 = Release|Win32
		{8B0BDAE3-E4C2-458F-9B14-580708945379}.Debug|x64.ActiveCfg = Debug|x64
		{8B0BDAE3-E4C2-458F-9B14-580708945379}.Debug|x64.Build.0 = Debug|x64
		{8B0BDAE3-E4C2-458F-9B14-580708945379}.Debug|x86.ActiveCfg = Debug|Win32
		{8B0BDAE3-E4C2-458F-9B14-580708945379}.Debug|x86.Build.0 = Debug|Win32
		{8B0BDAE3-E4C2-458F-9B14-580708945379}.Release|x64.ActiveCfg = Release|x64
		{8B0BDAE3-E4C2-458F-9B14-580708945379}.Release|x64.Build.0 = Release|x64
		{8B0BDAE3-E4C2-458F-9B14-580708945379}.Release|x86.ActiveCfg = Release|Win32
		{8B0BDAE3-E4C2-458F-9B14-580708945379}.Release|x86.Build.0 = Release|Win32
		{B4545652-C6CB-47B5-A5A9-385D3F340109}.Debug|x64.ActiveCfg = Debug|x64
		{B4545652-C6CB-47B5-A5A9-385D3F340109}.Debug|x64.Build.0 = Debug|x64
		{B4545652-C6CB-47B5-A5A9-385D3F340109}.Debug|x86.ActiveCfg = Debug|Win32
		{B4545652-C6CB-47B5-A5A9-385D3F340109}.Debug|x86.Build.0 = Debug|Win32
		{B4545652-C6CB-47B5-A5A9-385D3F340109}.Release|x64.ActiveCfg = Release|x64
		{B4545652-C6CB-47B5-A5A9-385D3F340109}.Release|x64.Build.0 = Release|x64
		{B4545652-C6CB-47B5-A5A9-385D3F340109}.Release|x86.ActiveCfg = Release|Win32
		{B4545652-C6CB-47B5-A5A9-385D3F340109}.Release|x86.Build.0 = Release|Win32
		{194137A0-40A8-41D7-93CC-BC1B56DBBB57}.Debug|x64.ActiveCfg = Debug|x64
		{194137A0-40A8-41D7-93CC-BC1B56DBBB57}.Debug|x64.Build.0 = Debug|x64
		{194137A0-40A8-41D7-93CC-BC1B56DBBB57}.Debug|x86.ActiveCfg = Debug|Win32
		{194137A0-40A8-41D7-93CC-BC1B56DBBB57}.Debug|x86.Build.0 = Debug|Win32
		{194137A0-40A8-41D7-93CC-BC1B56DBBB57}.Release|x64.ActiveCfg = Release|x64
		{194137A0-40A8-41D7-93CC-BC1B56DBBB57}.Release|x64.Build.0 = Release|x64
		{194137A0-40A8-41D7-93CC-BC1B56DBBB57}.Release|x86.ActiveCfg = Release|Win32
		{194137A0-40A8-41D7-93CC-BC1B56DBBB57}.Release|x86.Build.0 = Release|Win32
		{862DE3E3-FE04-4747-B5EA-0D60648D3090}.Debug|x64.ActiveCfg = Debug|x64
		{862DE3E3-FE04-4747-B5EA-0D60648D3090}.Debug|x64.Build.0 = Debug|x64
		{862DE3E3-FE04-4747-B5EA-0D60648D3090}.Debug|x86.ActiveCfg = Debug|Win32
		{862DE3E3-FE04-4747-B5EA-0D60648D3090}.Debug|x86.Build.0 = Debug|Win32
		{862DE3E3-FE04-4747-B5EA-0D60648D3090}.Release|x64.ActiveCfg = Release|x64
		{862DE3E3-FE04-4747-B5EA-0D60648D3090}.Release|x64.Build.0 = Release|x64
		{862DE3E3-FE04-4747-B5EA-0D60648D3090}.Release|x86.ActiveCfg = Release|Win32
		{862DE3E3-FE04-4747-B5EA-0D60648D3090}.Release|x86.Build.0 = Release|Win32
		{F9B01809-6ED0-4797-912D-B47F41C2F6B9}.Debug|x64.ActiveCfg = Debug|x64
		{F9B01809-6ED0-4797-912D-B47F41C2F6B9}.Debug|x64.Build.0 = Debug|x64
		{F9B01809-6ED0-4797-912D-B47F41C2F6B9}.Debug|x86.ActiveCfg = Debug|Win32
		{F9B01809-6ED0-4797-912D-B47F41C2F6B9}.Debug|x86.Build.0 = Debug|Win32
		{F9B01809-6ED0-4797-912D-B47F41C2F6B9}.Release|x64.ActiveCfg = Release|x64
		{F9B01809-6ED0-4797-912D-B47F41C2F6B9}.Release|x64.Build.0 = Release|x64
		{F9B01809-6ED0-4797-912D-B47F41C2F6B9}.Release|x86.ActiveCfg = Release|Win32
		{F9B01809-6ED0-4797-912D-B47F41C2F6B9}.Release|x86.Build.0 = Release|Win32
		{79BFCA95-E6F3-4B7A-A0B8-7EB4AF564052}.Debug|x64.ActiveCfg = Debug|x64
		{79BFCA95-E6F3-4B7A-A0B8-7EB4AF564052}.Debug|x64.Build.0 = Debug|x64
		{79BFCA95-E6F3-4B7A-A0B8-7EB4AF564052}.Debug|x86.ActiveCfg = Debug|Win32
		{79BFCA95-E6F3-4B7A-A0B8-7EB4AF564052}.Debug|x86.Build.0 = Debug|Win32
		{79BFCA95-E6F3-4B7A-A0B8-7EB4AF564052}.Release|x64.ActiveCfg = Release|x64
		{79BFCA95-E6F3-4B7A-A0B8-7EB4AF564052}.Release|x64.Build.0 = Release|x64
		{79BFCA95-E6F3-4B7A-A0B8-7EB4AF564052}.Release|x86.ActiveCfg = Release|Win32
		{79BFCA95-E6F3-4B7A-A0B8-7EB4AF564052}.Release|x86.Build.0 = Release|Win32
		{E9CA9781-0CBC-493A-8B57-1DB4010E1F6F}.Debug|x64.ActiveCfg = Debug|x64
		{E9CA9781-0CBC-493A-8B57-1DB4010E1F6F}.Debug|x64.Build.0 = Debug|x64
		{E9CA9781-0CBC-493A-8B57-1DB4010E1F6F}.Debug|x86.ActiveCfg = Debug|Win32
		{E9CA9781-0CBC-493A-8B57-1DB4010E1F6F}.Debug|x86.Build.0 = Debug|Win32
		{E9CA9781-0CBC-493A-8B57-1DB4010E1F6F}.Release|x64.ActiveCfg = Release|x64
		{E9CA9781-0CBC-493A-8B57-1DB4010E1F6F}.Release|x64.Build.0 = Release|x64
		{E9CA9781-0CBC-493A-8B57-1DB4010E1F6F}.Release|x86.ActiveCfg = Release|Win32
		{E9CA9781-0CBC-493A-8B57-1DB4010E1F6F}.Release|x86.Build.0 = Release|Win32
		{D5774B7E-355F-4BED-A737-E2E4FB6C613B}.Debug|x64.ActiveCfg = Debug|x64
		{D5774B7E-355F-4BED-A737-E2E4FB6C613B}.Debug|x64.Build.0 = Debug|x64
		{D5774B7E-355F-4BED-A737-E2E4FB6C613B}.Debug|x86.ActiveCfg = Debug|Win32
		{D5774B7E-355F-4BED-A737-E2E4FB6C613B}.Debug|x86.Build.0 = Debug|Win32
		{D5774B7E-355F-4BED-A737-E2E4FB6C613B}.Release|x64.ActiveCfg = Release|x64
		{D5774B7E-355F-4BED-A737-E2E4FB6C613B}.Release|x64.Build.0 = Release|x64
		{D5774B7E-355F-4BED-A737-E2E4FB6C613B}.Release|x86.ActiveCfg = Release|Win32
		{D5774B7E-355F-4BED-A737-E2E4FB6C613B}.Release|x86.Build.0 = Release|Win32
		{AF3BCB91-EBD7-4F22-BBD8-63617B91B819}.Debug|x64.ActiveCfg = Debug|x64
		{AF3BCB91-EBD7-4F22-BBD8-63617B91B819}.Debug|x64.Build.0 = Debug|x64
		{AF3BCB91-EBD7-4F22-BBD8-63617B91B819}.Debug|x86.ActiveCfg = Debug|Win32
		{AF3BCB91-EBD7-4F22-BBD8-63617B91B819}.Debug|x86.Build.0 = Debug|Win32
		{AF3BCB91-EBD7-4F22-BBD8-63617B91B819}.Release|x64.ActiveCfg = Release|x64
		{AF3BCB91-EBD7-4F22-BBD8-63617B91B819}.Release|x64.Build.0 = Release|x64
		{AF3BCB91-EBD7-4F22-BBD8-63617B91B819}.Release|x86.ActiveCfg = Release|Win32
		{AF3BCB91-EBD7-4F22-BBD8-63617B91B819}.Release|x86.Build.0 = Release|Win32
		{A6143D86-6F93-4A5C-BA79-717E1F3D34B0}.Debug|x64.ActiveCfg = Debug|x64
		{A6143D86-6F93-4A5C-BA79-717E1F3D34B0}.Debug|x64.Build.0 = Debug|x64
		{A6143D86-6F93-4A5C-BA79-717E1F3D34B0}.Debug|x86.ActiveCfg = Debug|Win32
		{A6143D86-6F93-4A5C-BA79-717E1F3D34B0}.Debug|x86.Build.0 = Debug|Win32
		{A6143D86-6F93-4A5C-BA79-717E1F3D34B0}.Release|x64.ActiveCfg = Release|x64
		{A6143D86-6F93-4A5C-BA79-717E1F3D34B0}.Release|x64.Build.0 = Release|x64
		{A6143D86-6F93-4A5C-BA79-717E1F3D34B0}.Release|x86.ActiveCfg = Release|Win32
		{A6143D86-6F93-4A5C-BA79-717E1F3D34B0}.Release|x86.Build.0 = Release|Win32
		{2304BA87-5350-4F9E-A6BF-07325893CF9C}.Debug|x64.ActiveCfg = Debug|x64
		{2304BA87-5350-4F9E-A6BF-07325893CF9C}.Debug|x64.Build.0 = Debug|x64
		{2304BA87-5350-4F9E-A6BF-07325893CF9C}.Debug|x86.ActiveCfg = Debug|Win32
		{2304BA87-5350-4F9E-A6BF-07325893CF9C}.Debug|x86.Build.0 = Debug|Win32
		{2304BA87-5350-4F9E-A6BF-07325893CF9C}.Release|x64.ActiveCfg = Release|x64
		{2304BA87-5350-4F9E-A6BF-07325893CF9C}.Release|x64.Build.0 = Release|x64
		{2304BA87-5350-4F9E-A6BF-07325893CF9C}.Release|x86.ActiveCfg = Release|Win32
		{2304BA87-5350-4F9E-A6BF-07325893CF9C}.Release|x86.Build.0 = Release|Win32
		{E5CC8A3D-0F8E-4A7E-9789-2A48C7827917}.Debug|x64.ActiveCfg = Debug|x64
		{E5CC8A3D-0F8E-4A7E-9789-2A48C7827917}.Debug|x64.Build.0 = Debug|x64
		{E5CC8A3D-0F8E-4A7E-9789-2A48C7827917}.Debug|x86.ActiveCfg = Debug|Win32
		{E5CC8A3D-0F8E-4A7E-9789-2A48C7827917}.Debug|x86.Build.0 = Debug|Win32
		{E5CC8A3D-0F8E-4A7E-9789-2A48C7827917}.Release|x64.ActiveCfg = Release|x64
		{E5CC8A3D-0F8E-4A7E-9789-2A48C7827917}.Release|x64.Build.0 = Release|x64
		{E5CC8A3D-0F8E-4A7E-9789-2A48C7827917}.Release|x86.ActiveCfg = Release|Win32
		{E5CC8A3D-0F8E-4A7E-9789-2A48C7827917}.Release|x86.Build.0 = Release|Win32
		{20FF28A1-D5B0-4B0B-814E-1453B41E4BD8}.Debug|x64.ActiveCfg = Debug|x64
		{20FF28A1-D5B0-4B0B-814E-1453B41E4BD8}.Debug|x64.Build.0 = Debug|x64
		{20FF28A1-D5B0-4B0B-814E-1453B41E4BD8}.Debug|x86.ActiveCfg = Debug|Win32
		{20FF28A1-D5B0-4B0B-814E-1453B41E4BD8}.Debug|x86.Build.0 = Debug|Win32
		{20FF28A1-D5B0-4B0B-814E-1453B41E4BD8}.Release|x64.ActiveCfg = Release|x64
		{20FF28A1-D5B0-4B0B-814E-1453B41E4BD8}.Release|x64.Build.0 = Release|x64
		{20FF28A1-D5B0-4B0B-814E-1453B41E4BD8}.Release|x86.ActiveCfg = Release|Win32
		{20FF28A1-D5B0-4B0B-814E-1453B41E4BD8}.Release|x86.Build.0 = Release|Win32
		{A062D056-71FE-41A7-A7D6-D62A9817447D}.Debug|x64.ActiveCfg = Debug|x64
		{A062D056-71FE-41A7-A7D6-D62A9817447D}.Debug|x64.Build.0 = Debug|x64
		{A062D056-71FE-41A7-A7D6-D62A9817447D}.Debug|x86.ActiveCfg = Debug|Win32
		{A062D056-71FE-41A7-A7D6-D62A9817447D}.Debug|x86.Build.0 = Debug|Win32
		{A062D056-71FE-41A7-A7D6-D62A9817447D}.Release|x64.ActiveCfg = Release|x64
		{A062D056-71FE-41A7-A7D6-D62A9817447D}.Release|x64.Build.0 = Release|x64
		{A062D056-71FE-41A7-A7D6-D62A9817447D}.Release|x86.ActiveCfg = Release|Win32
		{A062D056-71FE-41A7-A7D6-D62A9817447D}.Release|x86.Build.0 = Release|Win32
		{C52DE97B-9F0D-466A-A8BB-2527703B66DD}.Debug|x64.ActiveCfg = Debug|x64
		{C52DE97B-9F0D-466A-A8BB-2527703B66DD}.Debug|x64.Build.0 = Debug|x64
		{C52DE97B-9F0D-466A-A8BB-2527703B66DD}.Debug|x86.ActiveCfg = Debug|Win32
		{C52DE97B-9F0D-466A-A8BB-2527703B66DD}.Debug|x86.Build.0 = Debug|Win32
		{C52DE97B-9F0D-466A-A8BB-2527703B66DD}.Release|x64.ActiveCfg = Release|x64
		{C52DE97B-9F0D-466A-A8BB-2527703B66DD}.Release|x64.Build.0 = Release|x64
		{C52DE97B-9F0D-466A-A8BB-2527703B66DD}.Release|x86.ActiveCfg = Release|Win32
		{C52DE97B-9F0D-466A-A8BB-2527703B66DD}.Release|x86.Build.0 = Release|Win32
		{5CDC4B33-058D-455B-B915-85B6DD313159}.Debug|x64.ActiveCfg = Debug|x64
		{5CDC4B33-058D-455B-B915-85B6DD313159}.Debug|x64.Build.0 = Debug|x64
		{5CDC4B33-058D-455B-B915-85B6DD313159}.Debug|x86.ActiveCfg = Debug|Win32
		{5CDC4B33-058D-455B-B915-85B6DD313159}.Debug|x86.Build.0 = Debug|Win32
		{5CDC4B33-058D-455B-B915-85B6DD313159}.Release|x64.ActiveCfg = Release|x64
		{5CDC4B33-058D-455B-B915-85B6DD313159}.Release|x64.Build.0 = Release|x64
		{5CDC4B33-058D-455B-B915-85B6DD313159}.Release|x86.ActiveCfg = Release|Win32
		{5CDC4B33-058D-455B-B915-85B6DD313159}.Release|x86.Build.0 = Release|Win32
		{E12A8282-0839-4206-A3BA-4416C4EA4E1B}.Debug|x64.ActiveCfg = Debug|x64
		{E12A8282-0839-4206-A3BA-4416C4EA4E1B}.Debug|x64.Build.0 = Debug|x64
		{E12A8282-0839-4206-A3BA-4416C4EA4E1B}.Debug|x86.ActiveCfg = Debug|Win32
		{E12A8282-0839-4206-A3BA-4416C4EA4E1B}.Debug|x86.Build.0 = Debug|Win32
		{E12A8282-0839-4206-A3BA-4416C4EA4E1B}.Release|x64.ActiveCfg = Release|x64
		{E12A8282-0839-4206-A3BA-4416C4EA4E1B}.Release|x64.Build.0 = Release|x64
		{E12A8282-0839-4206-A3BA-4416C4EA4E1B}.Release|x86.ActiveCfg = Release|Win32
		{E12A8282-0839-4206-A3BA-4416C4EA4E1B}.Release|x86.Build.0 = Release|Win32
		{560BD516-344A-41BE-9BE0-D034EB5C7818}.Debug|x64.ActiveCfg = Debug|x64
		{560BD516-344A-41BE-9BE0-D034EB5C7818}.Debug|x64.Build.0 = Debug|x64
		{560BD516-344A-41BE-9BE0-D034EB5C7818}.Debug|x86.ActiveCfg = Debug|Win32
		{560BD516-344A-41BE-9BE0-D034EB5C7818}.Debug|x86.Build.0 = Debug|Win32
		{560BD516-344A-41BE-9BE0-D034EB5C7818}.Release|x64.ActiveCfg = Release|x64
		{560BD516-344A-41BE-9BE0-D034EB5C7818}.Release|x64.Build.0 = Release|x64
		{560BD516-344A-41BE-9BE0-D034EB5C7818}.Release|x86.ActiveCfg = Release|Win32
		{560BD516-344A-41BE-9BE0-D034EB5C7818}.Release|x86.Build.0 = Release|Win32
		{C8DC72DE-1E77-478C-85D0-0563BB91A36E}.Debug|x64.ActiveCfg = Debug|x64
		{C8DC72DE-1E77-478C-85D0-0563BB91A36E}.Debug|x64.Build.0 = Debug|x64
		{C8DC72DE-1E77-478C-85D0-0563BB91A36E}.Debug|x86.ActiveCfg = Debug|Win32
		{C8DC72DE-1E77-478C-85D0-0563BB91A36E}.Debug|x86.Build.0 = Debug|Win32
		{C8DC72DE-1E77-478C-85D0-0563BB91A36E}.Release|x64.ActiveCfg = Release|x64
		{C8DC72DE-1E77-478C-85D0-0563BB91A36E}.Release|x64.Build.0 = Release|x64
		{C8DC72DE-1E77-478C-85D0-0563BB91A36E}.Release|x86.ActiveCfg = Release|Win32
		{C8DC72DE-1E77-478C-85D0-0563BB91A36E}.Release|x86.Build.0 = Release|Win32
		{9058B3E4-0BD7-4D9C-BC60-864194B0AAC8}.Debug|x64.ActiveCfg = Debug|x64
		{9058B3E4-0BD7-4D9C-BC60-864194B0AAC8}.Debug|x64.Build.0 = Debug|x64
		{9058B3E4-0BD7-4D9C-BC60-864194B0AAC8}.Debug|x86.ActiveCfg = Debug|Win32
		{9058B3E4-0BD7-4D9C-BC60-864194B0AAC8}.Debug|x86.Build.0 = Debug|Win32
		{9058B3E4-0BD7-4D9C-BC60-864194B0AAC8}.Release|x64.ActiveCfg = Release|x64
		{9058B3E4-0BD7-4D9C-BC60-864194B0AAC8}.Release|x64.Build.0 = Release|x64
		{9058B3E4-0BD7-4D9C-BC60-864194B0AAC8}.Release|x86.ActiveCfg = Release|Win32
		{9058B3E4-0BD7-4D9C-BC60-864194B0AAC8}.Release|x86.Build.0 = Release|Win32
		{B33194EE-6BDF-48FB-B35D-E5BB7150332E}.Debug|x64.ActiveCfg = Debug|x64
		{B33194EE-6BDF-48FB-B35D-E5BB7150332E}.Debug|x64.Build.0 = Debug|x64
		{B33194EE-6BDF-48FB-B35D-E5BB7150332E}.Debug|x86.ActiveCfg = Debug|Win32
		{B33194EE-6BDF-48FB-B35D-E5BB7150332E}.Debug|x86.Build.0 = Debug|Win32
		{B33194EE-6BDF-48FB-B35D-E5BB7150332E}.Release|x64.ActiveCfg = Release|x64
		{B33194EE-6BDF-48FB-B35D-E5BB7150332E}.Release|x64.Build.0 = Release|x64
		{B33194EE-6BDF-48FB-B35D-E5BB7150332E}.Release|x86.ActiveCfg = Release|Win32
		{B33194EE-6BDF-48FB-B35D-E5BB7150332E}.Release|x86.Build.0 = Release|Win32
		{4070ABB2-5954-43DD-949E-C42FE8B6FF2E}.Debug|x64.ActiveCfg = Debug|x64
		{4070ABB2-5954-43DD-949E-C42FE8B6FF2E}.Debug|x64.Build.0 = Debug|x64
		{4070ABB2-5954-43DD-949E-C42FE8B6FF2E}.Debug|x86.ActiveCfg = Debug|Win32
		{4070ABB2-5954-43DD-949E-C42FE8B6FF2E}.Debug|x86.Build.0 = Debug|Win32
		{4070ABB2-5954-43DD-949E-C42FE8B6FF2E}.Release|x64.ActiveCfg = Release|x64
		{4070ABB2-5954-43DD-949E-C42FE8B6FF2E}.Release|x64.Build.0 = Release|x64
		{4070ABB2-5954-43DD-949E-C42FE8B6FF2E}.Release|x86.ActiveCfg = Release|Win32
		{4070ABB2-5954-43DD-949E-C42FE8B6FF2E}.Release|x86.Build.0 = Release|Win32
		{8AFF1437-4904-4792-AA6F-C66326A9824B}.Debug|x64.ActiveCfg = Debug|x64
		{8AFF1437-4904-4792-AA6F-C66326A9824B}.Debug|x64.Build.0 = Debug|x64
		{8AFF1437-4904-4792-AA6F-C66326A9824B}.Debug|x86.ActiveCfg = Debug|Win32
		{8AFF1437-4904-4792-AA6F-C66326A9824B}.Debug|x86.Build.0 = Debug|Win32
		{8AFF1437-4904-4792-AA6F-C66326A9824B}.Release|x64.ActiveCfg = Release|x64
		{8AFF1437-4904-4792-AA6F-C66326A9824B}.Release|x64.Build.0 = Release|x64
		{8AFF1437-4904-4792-AA6F-C66326A9824B}.Release|x86.ActiveCfg = Release|Win32
		{8AFF1437-4904-4792-AA6F-C66326A9824B}.Release|x86.Build.0 = Release|Win32
		{41E8868D-7DB3-470B-BA77-CBC65DE3A5F6}.Debug|x64.ActiveCfg = Debug|x64
		{41E8868D-7DB3-470B-BA77-CBC65DE3A5F6}.Debug|x64.Build.0 = Debug|x64
		{41E8868D-7DB3-470B-BA77-CBC65DE3A5F6}.Debug|x86.ActiveCfg = Debug|Win32
		{41E8868D-7DB3-470B-BA77-CBC65DE3A5F6}.Debug|x86.Build.0 = Debug|Win32
		{41E8868D-7DB3-470B-BA77-CBC65DE3A5F6}.Release|x64.ActiveCfg = Release|x64
		{41E8868D-7DB3-470B-BA77-CBC65DE3A5F6}.Release|x64.Build.0 = Release|x64
		{41E8868D-7DB3-470B-BA77-CBC65DE3A5F6}.Release|x86.ActiveCfg = Release|Win32
		{41E8868D-7DB3-470B-BA77-CBC65DE3A5F6}.Release|x86.Build.0 = Release|Win32
		{513D06E5-C23B-43A2-B32C-6E46BF3C839F}.Debug|x64.ActiveCfg = Debug|x64
		{513D06E5-C23B-43A2-B32C-6E46BF3C839F}.Debug|x64.Build.0 = Debug|x64
		{513D06E5-C23B-43A2-B32C-6E46BF3C839F}.Debug|x86.ActiveCfg = Debug|Win32
		{513D06E5-C23B-43A2-B32C-6E46BF3C839F}.Debug|x86.Build.0 = Debug|Win32
		{513D06E5-C23B-43A2-B32C-6E46BF3C839F}.Release|x64.ActiveCfg = Release|x64
		{513D06E5-C23B-43A2-B32C-6E46BF3C839F}.Release|x64.Build.0 = Release|x64
		{513D06E5-C23B-43A2-B32C-6E46BF3C839F}.Release|x86.ActiveCfg = Release|Win32
		{513D06E5-C23B-43A2-B32C-6E46BF3C839F}.Release|x86.Build.0 = Release|Win32
		{C37C8550-46F5-4C55-9564-46E32B8B8115}.Debug|x64.ActiveCfg = Debug|x64
		{C37C8550-46F5-4C55-9564-46E32B8B8115}.Debug|x64.Build.0 = Debug|x64
		{C37C8550-46F5-4C55-9564-46E32B8B8115}.Debug|x86.ActiveCfg = Debug|Win32
		{C37C8550-46F5-4C55-9564-46E32B8B8115}.Debug|x86.Build.0 = Debug|Win32
		{C37C8550-46F5-4C55-9564-46E32B8B8115}.Release|x64.ActiveCfg = Release|x64
		{C37C8550-46F5-4C55-9564-46E32B8B8115}.Release|x64.Build.0 = Release|x64
		{C37C8550-46F5-4C55-9564-46E32B8B8115}.Release|x86.ActiveCfg = Release|Win32
		{C37C8550-46F5-4C55-9564-46E32B8B8115}.Release|x86.Build.0 = Release|Win32
		{7BCB533A-7A49-4433-982A-4F59980141BD}.Debug|x64.ActiveCfg = Debug|x64
		{7BCB533A-7A49-4433-982A-4F59980141BD}.Debug|x64.Build.0 = Debug|x64
		{7BCB533A-7A49-4433-982A-4F59980141BD}.Debug|x86.ActiveCfg = Debug|Win32
		{7BCB533A-7A49-4433-982A-4F59980141BD}.Debug|x86.Build.0 = Debug|Win32
		{7BCB533A-7A49-4433-982A-4F59980141BD}.Release|x64.ActiveCfg = Release|x64
		{7BCB533A-7A49-4433-982A-4F59980141BD}.Release|x64.Build.0 = Release|x64
		{7BCB533A-7A49-4433-982A-4F59980141BD}.Release|x86.ActiveCfg = Release|Win32
		{7BCB533A-7A49-4433-982A-4F59980141BD}.Release|x86.Build.0 = Release|Win32
		{426D2DAF-E408-4BDF-BA04-D3AFFFD68DF3}.Debug|x64.ActiveCfg = Debug|x64
		{426D2DAF-E408-4BDF-BA04-D3AFFFD68DF3}.Debug|x64.Build.0 = Debug|x64
		{426D2DAF-E408-4BDF-BA04-D3AFFFD68DF3}.Debug|x86.ActiveCfg = Debug|Win32
		{426D2DAF-E408-4BDF-BA04-D3AFFFD68DF3}.Debug|x86.Build.0 = Debug|Win32
		{426D2DAF-E408-4BDF-BA04-D3AFFFD68DF3}.Release|x64.ActiveCfg = Release|x64
		{426D2DAF-E408-4BDF-BA04-D3AFFFD68DF3}.Release|x64.Build.0 = Release|x64
		{426D2DAF-E408-4BDF-BA04-D3AFFFD68DF3}.Release|x86.ActiveCfg = Release|Win32
		{426D2DAF-E408-4BDF-BA04-D3AFFFD68DF3}.Release|x86.Build.0 = Release|Win32
		{711EAC68-2A58-4A47-84AF-D8838B88547D}.Debug|x64.ActiveCfg = Debug|x64
		{711EAC68-2A58-4A47-84AF-D8838B88547D}.Debug|x64.Build.0 = Debug|x64
		{711EAC68-2A58-4A47-84AF-D8838B88547D}.Debug|x86.ActiveCfg = Debug|Win32
		{711EAC68-2A58-4A47-84AF-D8838B88547D}.Debug|x86.Build.0 = Debug|Win32
		{711EAC68-2A58-4A47-84AF-D8838B88547D}.Release|x64.ActiveCfg = Release|x64
		{711EAC68-2A58-4A47-84AF-D8838B88547D}.Release|x64.Build.0 = Release|x64
		{711EAC68-2A58-4A47-84AF-D8838B88547D}.Release|x86.ActiveCfg = Release|Win32
		{711EAC68-2A58-4A47-84AF-D8838B88547D}.Release|x86.Build.0 = Release|Win32
		{38B28DC6-1860-47D9-9950-5B1702FA08E1}.Debug|x64.ActiveCfg = Debug|x64
		{38B28DC6-1860-47D9-9950-5B1702FA08E1}.Debug|x64.Build.0 = Debug|x64
		{38B28DC6-1860-47D9-9950-5B1702FA08E1}.Debug|x86.ActiveCfg = Debug|Win32
		{38B28DC6-1860-47D9-9950-5B1702FA08E1}.Debug|x86.Build.0 = Debug|Win32
		{38B28DC6-1860-47D9-9950-5B1702FA08E1}.Release|x64.ActiveCfg = Release|x64
		{38B28DC6-1860-47D9-9950-5B1702FA08E1}.Release|x64.Build.0 = Release|x64
		{38B28DC6-1860-47D9-9950-5B1702FA08E1}.Release|x86.ActiveCfg = Release|Win32
		{38B28DC6-1860-47D9-9950-5B1702FA08E1}.Release|x86.Build.0 = Release|Win32
		{DBEE1DC0-E31B-4638-97FD-D5F263B42123}.Debug|x64.ActiveCfg = Debug|x64
		{DBEE1DC0-E31B-4638-97FD-D5F263B42123}.Debug|x64.Build.0 = Debug|x64
		{DBEE1DC0-E31B-4638-97FD-D5F263B42123}.Debug|x86.ActiveCfg = Debug|Win32
		{DBEE1DC0-E31B-4638-97FD-D5F263B42123}.Debug|x86.Build.0 = Debug|Win32
		{DBEE1DC0-E31B-4638-97FD-D5F263B42123}.Release|x64.ActiveCfg = Release|x64
		{DBEE1DC0-E31B-4638-97FD-D5F263B42123}.Release|x64.Build.0 = Release|x64
		{DBEE1DC0-E31B-4638-97FD-D5F263B42123}.Release|x86.ActiveCfg = Release|Win32
		{DBEE1DC0-E31B-4638-97FD-D5F263B42123}.Release|x86.Build.0 = Release|Win32
	EndGlobalSection
	GlobalSection(SolutionProperties) = preSolution
		HideSolutionNode = FALSE
	EndGlobalSection
	GlobalSection(ExtensibilityGlobals) = postSolution
		SolutionGuid = {F459A7CD-882A-49C2-9A9C-843B9FD3ECC1}
	EndGlobalSection
EndGlobal
