
Microsoft Visual Studio Solution File, Format Version 12.00
# Visual Studio 15
VisualStudioVersion = 15.0.28307.1321
MinimumVisualStudioVersion = 10.0.40219.1
Project("{8BC9CEB8-8B4A-11D0-8D11-00A0C91BC942}") = "00_CodingInterviews", "CodingInterviews\CodingInterviews.vcxproj", "{A8B4C656-15FC-4C13-8424-06AE33176687}"
EndProject
Project("{8BC9CEB8-8B4A-11D0-8D11-00A0C91BC942}") = "01_AssignmentOperator", "AssignmentOperator\AssignmentOperator.vcxproj", "{3700FC72-AE98-4B59-9504-18827E99CE58}"
EndProject
Project("{8BC9CEB8-8B4A-11D0-8D11-00A0C91BC942}") = "02_1DuplicationInArray", "DuplicationInArray\DuplicationInArray.vcxproj", "{5E56FA40-0965-4BE6-85D2-ABE743C8EC66}"
EndProject
Project("{8BC9CEB8-8B4A-11D0-8D11-00A0C91BC942}") = "02_2DuplicatesInArray", "DuplicatesInArray\DuplicatesInArray.vcxproj", "{8F08E539-F8E7-4413-BCB9-F48BC717E24A}"
EndProject
Project("{8BC9CEB8-8B4A-11D0-8D11-00A0C91BC942}") = "03_SearchInPartiallySortedMatrix", "SearchInPartiallySortedMatrix\SearchInPartiallySortedMatrix.vcxproj", "{B74502FE-B7C8-4B21-AFF1-5282E964A993}"
EndProject
Project("{8BC9CEB8-8B4A-11D0-8D11-00A0C91BC942}") = "04_ReplaceSpace", "ReplaceSpace\ReplaceSpace.vcxproj", "{FCFB676D-7CEB-468A-87B8-412C1A4748D1}"
EndProject
Project("{8BC9CEB8-8B4A-11D0-8D11-00A0C91BC942}") = "05_PrintListInReversedOrder", "PrintListInReversedOrder\PrintListInReversedOrder.vcxproj", "{A9FD98E9-702C-46AE-A65D-EBFE1CA98C5F}"
EndProject
Project("{8BC9CEB8-8B4A-11D0-8D11-00A0C91BC942}") = "06_ConstructBinaryTree", "ConstructBinaryTree\ConstructBinaryTree.vcxproj", "{B39149FE-379C-421C-B67A-69E060152392}"
EndProject
Project("{8BC9CEB8-8B4A-11D0-8D11-00A0C91BC942}") = "Utilities", "Utilities\Utilities.vcxproj", "{9153B698-7187-4F4D-8A26-DAE29975670A}"
EndProject
Project("{8BC9CEB8-8B4A-11D0-8D11-00A0C91BC942}") = "07_NextNodeInBT", "NextNodeInBT\NextNodeInBT.vcxproj", "{48FB9140-5404-4194-A8FA-66EE41A3E789}"
EndProject
Project("{8BC9CEB8-8B4A-11D0-8D11-00A0C91BC942}") = "08_QueueWith2Stacks", "QueueWith2Stacks\QueueWith2Stacks.vcxproj", "{3A07917B-70A6-47AC-85E7-4A7E37672F8D}"
EndProject
Project("{8BC9CEB8-8B4A-11D0-8D11-00A0C91BC942}") = "12_RobotMove", "RobotMove\RobotMove.vcxproj", "{75F71DFF-938B-4699-B31B-02585E7073EC}"
EndProject
Project("{8BC9CEB8-8B4A-11D0-8D11-00A0C91BC942}") = "09_QuickSort", "QuickSort\QuickSort.vcxproj", "{20809BB5-B9AB-4FF7-89A5-69A60FD213BF}"
EndProject
Project("{8BC9CEB8-8B4A-11D0-8D11-00A0C91BC942}") = "10_MinNumInRotatedArray", "MinNumInRotatedArray\MinNumInRotatedArray.vcxproj", "{FD1053CF-644A-4214-ABD7-AEEB02E8873E}"
EndProject
Project("{8BC9CEB8-8B4A-11D0-8D11-00A0C91BC942}") = "11_StrPathInMatrix", "StrPathInMatrix\StrPathInMatrix.vcxproj", "{6F81D3E6-A40F-46BF-A9CA-47C690C0F6AB}"
EndProject
Project("{8BC9CEB8-8B4A-11D0-8D11-00A0C91BC942}") = "13_CuttingRope", "CuttingRope\CuttingRope.vcxproj", "{9E319AA3-1C1D-40A7-87EE-3D3877630425}"
EndProject
Global
	GlobalSection(SolutionConfigurationPlatforms) = preSolution
		Debug|x64 = Debug|x64
		Debug|x86 = Debug|x86
		Release|x64 = Release|x64
		Release|x86 = Release|x86
	EndGlobalSection
	GlobalSection(ProjectConfigurationPlatforms) = postSolution
		{A8B4C656-15FC-4C13-8424-06AE33176687}.Debug|x64.ActiveCfg = Debug|x64
		{A8B4C656-15FC-4C13-8424-06AE33176687}.Debug|x64.Build.0 = Debug|x64
		{A8B4C656-15FC-4C13-8424-06AE33176687}.Debug|x86.ActiveCfg = Debug|Win32
		{A8B4C656-15FC-4C13-8424-06AE33176687}.Debug|x86.Build.0 = Debug|Win32
		{A8B4C656-15FC-4C13-8424-06AE33176687}.Release|x64.ActiveCfg = Release|x64
		{A8B4C656-15FC-4C13-8424-06AE33176687}.Release|x64.Build.0 = Release|x64
		{A8B4C656-15FC-4C13-8424-06AE33176687}.Release|x86.ActiveCfg = Release|Win32
		{A8B4C656-15FC-4C13-8424-06AE33176687}.Release|x86.Build.0 = Release|Win32
		{3700FC72-AE98-4B59-9504-18827E99CE58}.Debug|x64.ActiveCfg = Debug|x64
		{3700FC72-AE98-4B59-9504-18827E99CE58}.Debug|x64.Build.0 = Debug|x64
		{3700FC72-AE98-4B59-9504-18827E99CE58}.Debug|x86.ActiveCfg = Debug|Win32
		{3700FC72-AE98-4B59-9504-18827E99CE58}.Debug|x86.Build.0 = Debug|Win32
		{3700FC72-AE98-4B59-9504-18827E99CE58}.Release|x64.ActiveCfg = Release|x64
		{3700FC72-AE98-4B59-9504-18827E99CE58}.Release|x64.Build.0 = Release|x64
		{3700FC72-AE98-4B59-9504-18827E99CE58}.Release|x86.ActiveCfg = Release|Win32
		{3700FC72-AE98-4B59-9504-18827E99CE58}.Release|x86.Build.0 = Release|Win32
		{5E56FA40-0965-4BE6-85D2-ABE743C8EC66}.Debug|x64.ActiveCfg = Debug|x64
		{5E56FA40-0965-4BE6-85D2-ABE743C8EC66}.Debug|x64.Build.0 = Debug|x64
		{5E56FA40-0965-4BE6-85D2-ABE743C8EC66}.Debug|x86.ActiveCfg = Debug|Win32
		{5E56FA40-0965-4BE6-85D2-ABE743C8EC66}.Debug|x86.Build.0 = Debug|Win32
		{5E56FA40-0965-4BE6-85D2-ABE743C8EC66}.Release|x64.ActiveCfg = Release|x64
		{5E56FA40-0965-4BE6-85D2-ABE743C8EC66}.Release|x64.Build.0 = Release|x64
		{5E56FA40-0965-4BE6-85D2-ABE743C8EC66}.Release|x86.ActiveCfg = Release|Win32
		{5E56FA40-0965-4BE6-85D2-ABE743C8EC66}.Release|x86.Build.0 = Release|Win32
		{8F08E539-F8E7-4413-BCB9-F48BC717E24A}.Debug|x64.ActiveCfg = Debug|x64
		{8F08E539-F8E7-4413-BCB9-F48BC717E24A}.Debug|x64.Build.0 = Debug|x64
		{8F08E539-F8E7-4413-BCB9-F48BC717E24A}.Debug|x86.ActiveCfg = Debug|Win32
		{8F08E539-F8E7-4413-BCB9-F48BC717E24A}.Debug|x86.Build.0 = Debug|Win32
		{8F08E539-F8E7-4413-BCB9-F48BC717E24A}.Release|x64.ActiveCfg = Release|x64
		{8F08E539-F8E7-4413-BCB9-F48BC717E24A}.Release|x64.Build.0 = Release|x64
		{8F08E539-F8E7-4413-BCB9-F48BC717E24A}.Release|x86.ActiveCfg = Release|Win32
		{8F08E539-F8E7-4413-BCB9-F48BC717E24A}.Release|x86.Build.0 = Release|Win32
		{B74502FE-B7C8-4B21-AFF1-5282E964A993}.Debug|x64.ActiveCfg = Debug|x64
		{B74502FE-B7C8-4B21-AFF1-5282E964A993}.Debug|x64.Build.0 = Debug|x64
		{B74502FE-B7C8-4B21-AFF1-5282E964A993}.Debug|x86.ActiveCfg = Debug|Win32
		{B74502FE-B7C8-4B21-AFF1-5282E964A993}.Debug|x86.Build.0 = Debug|Win32
		{B74502FE-B7C8-4B21-AFF1-5282E964A993}.Release|x64.ActiveCfg = Release|x64
		{B74502FE-B7C8-4B21-AFF1-5282E964A993}.Release|x64.Build.0 = Release|x64
		{B74502FE-B7C8-4B21-AFF1-5282E964A993}.Release|x86.ActiveCfg = Release|Win32
		{B74502FE-B7C8-4B21-AFF1-5282E964A993}.Release|x86.Build.0 = Release|Win32
		{FCFB676D-7CEB-468A-87B8-412C1A4748D1}.Debug|x64.ActiveCfg = Debug|x64
		{FCFB676D-7CEB-468A-87B8-412C1A4748D1}.Debug|x64.Build.0 = Debug|x64
		{FCFB676D-7CEB-468A-87B8-412C1A4748D1}.Debug|x86.ActiveCfg = Debug|Win32
		{FCFB676D-7CEB-468A-87B8-412C1A4748D1}.Debug|x86.Build.0 = Debug|Win32
		{FCFB676D-7CEB-468A-87B8-412C1A4748D1}.Release|x64.ActiveCfg = Release|x64
		{FCFB676D-7CEB-468A-87B8-412C1A4748D1}.Release|x64.Build.0 = Release|x64
		{FCFB676D-7CEB-468A-87B8-412C1A4748D1}.Release|x86.ActiveCfg = Release|Win32
		{FCFB676D-7CEB-468A-87B8-412C1A4748D1}.Release|x86.Build.0 = Release|Win32
		{A9FD98E9-702C-46AE-A65D-EBFE1CA98C5F}.Debug|x64.ActiveCfg = Debug|x64
		{A9FD98E9-702C-46AE-A65D-EBFE1CA98C5F}.Debug|x64.Build.0 = Debug|x64
		{A9FD98E9-702C-46AE-A65D-EBFE1CA98C5F}.Debug|x86.ActiveCfg = Debug|Win32
		{A9FD98E9-702C-46AE-A65D-EBFE1CA98C5F}.Debug|x86.Build.0 = Debug|Win32
		{A9FD98E9-702C-46AE-A65D-EBFE1CA98C5F}.Release|x64.ActiveCfg = Release|x64
		{A9FD98E9-702C-46AE-A65D-EBFE1CA98C5F}.Release|x64.Build.0 = Release|x64
		{A9FD98E9-702C-46AE-A65D-EBFE1CA98C5F}.Release|x86.ActiveCfg = Release|Win32
		{A9FD98E9-702C-46AE-A65D-EBFE1CA98C5F}.Release|x86.Build.0 = Release|Win32
		{B39149FE-379C-421C-B67A-69E060152392}.Debug|x64.ActiveCfg = Debug|x64
		{B39149FE-379C-421C-B67A-69E060152392}.Debug|x64.Build.0 = Debug|x64
		{B39149FE-379C-421C-B67A-69E060152392}.Debug|x86.ActiveCfg = Debug|Win32
		{B39149FE-379C-421C-B67A-69E060152392}.Debug|x86.Build.0 = Debug|Win32
		{B39149FE-379C-421C-B67A-69E060152392}.Release|x64.ActiveCfg = Release|x64
		{B39149FE-379C-421C-B67A-69E060152392}.Release|x64.Build.0 = Release|x64
		{B39149FE-379C-421C-B67A-69E060152392}.Release|x86.ActiveCfg = Release|Win32
		{B39149FE-379C-421C-B67A-69E060152392}.Release|x86.Build.0 = Release|Win32
		{9153B698-7187-4F4D-8A26-DAE29975670A}.Debug|x64.ActiveCfg = Debug|x64
		{9153B698-7187-4F4D-8A26-DAE29975670A}.Debug|x64.Build.0 = Debug|x64
		{9153B698-7187-4F4D-8A26-DAE29975670A}.Debug|x86.ActiveCfg = Debug|Win32
		{9153B698-7187-4F4D-8A26-DAE29975670A}.Debug|x86.Build.0 = Debug|Win32
		{9153B698-7187-4F4D-8A26-DAE29975670A}.Release|x64.ActiveCfg = Release|x64
		{9153B698-7187-4F4D-8A26-DAE29975670A}.Release|x64.Build.0 = Release|x64
		{9153B698-7187-4F4D-8A26-DAE29975670A}.Release|x86.ActiveCfg = Release|Win32
		{9153B698-7187-4F4D-8A26-DAE29975670A}.Release|x86.Build.0 = Release|Win32
		{48FB9140-5404-4194-A8FA-66EE41A3E789}.Debug|x64.ActiveCfg = Debug|x64
		{48FB9140-5404-4194-A8FA-66EE41A3E789}.Debug|x64.Build.0 = Debug|x64
		{48FB9140-5404-4194-A8FA-66EE41A3E789}.Debug|x86.ActiveCfg = Debug|Win32
		{48FB9140-5404-4194-A8FA-66EE41A3E789}.Debug|x86.Build.0 = Debug|Win32
		{48FB9140-5404-4194-A8FA-66EE41A3E789}.Release|x64.ActiveCfg = Release|x64
		{48FB9140-5404-4194-A8FA-66EE41A3E789}.Release|x64.Build.0 = Release|x64
		{48FB9140-5404-4194-A8FA-66EE41A3E789}.Release|x86.ActiveCfg = Release|Win32
		{48FB9140-5404-4194-A8FA-66EE41A3E789}.Release|x86.Build.0 = Release|Win32
		{3A07917B-70A6-47AC-85E7-4A7E37672F8D}.Debug|x64.ActiveCfg = Debug|x64
		{3A07917B-70A6-47AC-85E7-4A7E37672F8D}.Debug|x64.Build.0 = Debug|x64
		{3A07917B-70A6-47AC-85E7-4A7E37672F8D}.Debug|x86.ActiveCfg = Debug|Win32
		{3A07917B-70A6-47AC-85E7-4A7E37672F8D}.Debug|x86.Build.0 = Debug|Win32
		{3A07917B-70A6-47AC-85E7-4A7E37672F8D}.Release|x64.ActiveCfg = Release|x64
		{3A07917B-70A6-47AC-85E7-4A7E37672F8D}.Release|x64.Build.0 = Release|x64
		{3A07917B-70A6-47AC-85E7-4A7E37672F8D}.Release|x86.ActiveCfg = Release|Win32
		{3A07917B-70A6-47AC-85E7-4A7E37672F8D}.Release|x86.Build.0 = Release|Win32
		{75F71DFF-938B-4699-B31B-02585E7073EC}.Debug|x64.ActiveCfg = Debug|x64
		{75F71DFF-938B-4699-B31B-02585E7073EC}.Debug|x64.Build.0 = Debug|x64
		{75F71DFF-938B-4699-B31B-02585E7073EC}.Debug|x86.ActiveCfg = Debug|Win32
		{75F71DFF-938B-4699-B31B-02585E7073EC}.Debug|x86.Build.0 = Debug|Win32
		{75F71DFF-938B-4699-B31B-02585E7073EC}.Release|x64.ActiveCfg = Release|x64
		{75F71DFF-938B-4699-B31B-02585E7073EC}.Release|x64.Build.0 = Release|x64
		{75F71DFF-938B-4699-B31B-02585E7073EC}.Release|x86.ActiveCfg = Release|Win32
		{75F71DFF-938B-4699-B31B-02585E7073EC}.Release|x86.Build.0 = Release|Win32
		{20809BB5-B9AB-4FF7-89A5-69A60FD213BF}.Debug|x64.ActiveCfg = Debug|x64
		{20809BB5-B9AB-4FF7-89A5-69A60FD213BF}.Debug|x64.Build.0 = Debug|x64
		{20809BB5-B9AB-4FF7-89A5-69A60FD213BF}.Debug|x86.ActiveCfg = Debug|Win32
		{20809BB5-B9AB-4FF7-89A5-69A60FD213BF}.Debug|x86.Build.0 = Debug|Win32
		{20809BB5-B9AB-4FF7-89A5-69A60FD213BF}.Release|x64.ActiveCfg = Release|x64
		{20809BB5-B9AB-4FF7-89A5-69A60FD213BF}.Release|x64.Build.0 = Release|x64
		{20809BB5-B9AB-4FF7-89A5-69A60FD213BF}.Release|x86.ActiveCfg = Release|Win32
		{20809BB5-B9AB-4FF7-89A5-69A60FD213BF}.Release|x86.Build.0 = Release|Win32
		{FD1053CF-644A-4214-ABD7-AEEB02E8873E}.Debug|x64.ActiveCfg = Debug|x64
		{FD1053CF-644A-4214-ABD7-AEEB02E8873E}.Debug|x64.Build.0 = Debug|x64
		{FD1053CF-644A-4214-ABD7-AEEB02E8873E}.Debug|x86.ActiveCfg = Debug|Win32
		{FD1053CF-644A-4214-ABD7-AEEB02E8873E}.Debug|x86.Build.0 = Debug|Win32
		{FD1053CF-644A-4214-ABD7-AEEB02E8873E}.Release|x64.ActiveCfg = Release|x64
		{FD1053CF-644A-4214-ABD7-AEEB02E8873E}.Release|x64.Build.0 = Release|x64
		{FD1053CF-644A-4214-ABD7-AEEB02E8873E}.Release|x86.ActiveCfg = Release|Win32
		{FD1053CF-644A-4214-ABD7-AEEB02E8873E}.Release|x86.Build.0 = Release|Win32
		{6F81D3E6-A40F-46BF-A9CA-47C690C0F6AB}.Debug|x64.ActiveCfg = Debug|x64
		{6F81D3E6-A40F-46BF-A9CA-47C690C0F6AB}.Debug|x64.Build.0 = Debug|x64
		{6F81D3E6-A40F-46BF-A9CA-47C690C0F6AB}.Debug|x86.ActiveCfg = Debug|Win32
		{6F81D3E6-A40F-46BF-A9CA-47C690C0F6AB}.Debug|x86.Build.0 = Debug|Win32
		{6F81D3E6-A40F-46BF-A9CA-47C690C0F6AB}.Release|x64.ActiveCfg = Release|x64
		{6F81D3E6-A40F-46BF-A9CA-47C690C0F6AB}.Release|x64.Build.0 = Release|x64
		{6F81D3E6-A40F-46BF-A9CA-47C690C0F6AB}.Release|x86.ActiveCfg = Release|Win32
		{6F81D3E6-A40F-46BF-A9CA-47C690C0F6AB}.Release|x86.Build.0 = Release|Win32
		{9E319AA3-1C1D-40A7-87EE-3D3877630425}.Debug|x64.ActiveCfg = Debug|x64
		{9E319AA3-1C1D-40A7-87EE-3D3877630425}.Debug|x64.Build.0 = Debug|x64
		{9E319AA3-1C1D-40A7-87EE-3D3877630425}.Debug|x86.ActiveCfg = Debug|Win32
		{9E319AA3-1C1D-40A7-87EE-3D3877630425}.Debug|x86.Build.0 = Debug|Win32
		{9E319AA3-1C1D-40A7-87EE-3D3877630425}.Release|x64.ActiveCfg = Release|x64
		{9E319AA3-1C1D-40A7-87EE-3D3877630425}.Release|x64.Build.0 = Release|x64
		{9E319AA3-1C1D-40A7-87EE-3D3877630425}.Release|x86.ActiveCfg = Release|Win32
		{9E319AA3-1C1D-40A7-87EE-3D3877630425}.Release|x86.Build.0 = Release|Win32
	EndGlobalSection
	GlobalSection(SolutionProperties) = preSolution
		HideSolutionNode = FALSE
	EndGlobalSection
	GlobalSection(ExtensibilityGlobals) = postSolution
		SolutionGuid = {F459A7CD-882A-49C2-9A9C-843B9FD3ECC1}
	EndGlobalSection
EndGlobal
